
Microsoft Visual Studio Solution File, Format Version 12.00
# Visual Studio Version 17
VisualStudioVersion = 17.4.33205.214
MinimumVisualStudioVersion = 10.0.40219.1
Project("{FAE04EC0-301F-11D3-BF4B-00C04F79EFBC}") = "ConsoleApp1", "ConsoleApp1\ConsoleApp1.csproj", "{9B92D36B-4F02-4C78-BC26-063A19B2E7BB}"
EndProject
Project("{FAE04EC0-301F-11D3-BF4B-00C04F79EFBC}") = "ConsoleApp1.Tests", "ConsoleApp1.Tests\ConsoleApp1.Tests.csproj", "{4B45AD92-203E-437A-8860-1293575211B3}"
EndProject
Global
	GlobalSection(SolutionConfigurationPlatforms) = preSolution
		Debug|Any CPU = Debug|Any CPU
		Release|Any CPU = Release|Any CPU
	EndGlobalSection
	GlobalSection(ProjectConfigurationPlatforms) = postSolution
		{9B92D36B-4F02-4C78-BC26-063A19B2E7BB}.Debug|Any CPU.ActiveCfg = Debug|Any CPU
		{9B92D36B-4F02-4C78-BC26-063A19B2E7BB}.Debug|Any CPU.Build.0 = Debug|Any CPU
		{9B92D36B-4F02-4C78-BC26-063A19B2E7BB}.Release|Any CPU.ActiveCfg = Release|Any CPU
		{9B92D36B-4F02-4C78-BC26-063A19B2E7BB}.Release|Any CPU.Build.0 = Release|Any CPU
		{4B45AD92-203E-437A-8860-1293575211B3}.Debug|Any CPU.ActiveCfg = Debug|Any CPU
		{4B45AD92-203E-437A-8860-1293575211B3}.Debug|Any CPU.Build.0 = Debug|Any CPU
		{4B45AD92-203E-437A-8860-1293575211B3}.Release|Any CPU.ActiveCfg = Release|Any CPU
		{4B45AD92-203E-437A-8860-1293575211B3}.Release|Any CPU.Build.0 = Release|Any CPU
	EndGlobalSection
	GlobalSection(SolutionProperties) = preSolution
		HideSolutionNode = FALSE
	EndGlobalSection
	GlobalSection(ExtensibilityGlobals) = postSolution
		SolutionGuid = {41FF6807-0675-496A-B6B4-02C7FCB78657}
	EndGlobalSection
EndGlobal
